
Microsoft Visual Studio Solution File, Format Version 11.00
# Visual Studio 2010
Project("{FAE04EC0-301F-11D3-BF4B-00C04F79EFBC}") = "Orb", "Orb\Orb.csproj", "{498D05FC-5D6A-4170-8A57-3B8ED75DB004}"
EndProject
Project("{FAE04EC0-301F-11D3-BF4B-00C04F79EFBC}") = "StephenTest", "StephenTest\StephenTest.csproj", "{3713F501-2970-4D52-9B5A-03737B153D73}"
EndProject
Global
	GlobalSection(SolutionConfigurationPlatforms) = preSolution
		Debug|Any CPU = Debug|Any CPU
		Debug|Mixed Platforms = Debug|Mixed Platforms
		Debug|x86 = Debug|x86
		Release|Any CPU = Release|Any CPU
		Release|Mixed Platforms = Release|Mixed Platforms
		Release|x86 = Release|x86
	EndGlobalSection
	GlobalSection(ProjectConfigurationPlatforms) = postSolution
		{498D05FC-5D6A-4170-8A57-3B8ED75DB004}.Debug|Any CPU.ActiveCfg = Debug|Any CPU
		{498D05FC-5D6A-4170-8A57-3B8ED75DB004}.Debug|Any CPU.Build.0 = Debug|Any CPU
		{498D05FC-5D6A-4170-8A57-3B8ED75DB004}.Debug|Mixed Platforms.ActiveCfg = Debug|Any CPU
		{498D05FC-5D6A-4170-8A57-3B8ED75DB004}.Debug|Mixed Platforms.Build.0 = Debug|Any CPU
		{498D05FC-5D6A-4170-8A57-3B8ED75DB004}.Debug|x86.ActiveCfg = Debug|Any CPU
		{498D05FC-5D6A-4170-8A57-3B8ED75DB004}.Release|Any CPU.ActiveCfg = Release|Any CPU
		{498D05FC-5D6A-4170-8A57-3B8ED75DB004}.Release|Any CPU.Build.0 = Release|Any CPU
		{498D05FC-5D6A-4170-8A57-3B8ED75DB004}.Release|Mixed Platforms.ActiveCfg = Release|Any CPU
		{498D05FC-5D6A-4170-8A57-3B8ED75DB004}.Release|Mixed Platforms.Build.0 = Release|Any CPU
		{498D05FC-5D6A-4170-8A57-3B8ED75DB004}.Release|x86.ActiveCfg = Release|Any CPU
		{3713F501-2970-4D52-9B5A-03737B153D73}.Debug|Any CPU.ActiveCfg = Debug|x86
		{3713F501-2970-4D52-9B5A-03737B153D73}.Debug|Mixed Platforms.ActiveCfg = Debug|x86
		{3713F501-2970-4D52-9B5A-03737B153D73}.Debug|Mixed Platforms.Build.0 = Debug|x86
		{3713F501-2970-4D52-9B5A-03737B153D73}.Debug|x86.ActiveCfg = Debug|x86
		{3713F501-2970-4D52-9B5A-03737B153D73}.Debug|x86.Build.0 = Debug|x86
		{3713F501-2970-4D52-9B5A-03737B153D73}.Release|Any CPU.ActiveCfg = Release|x86
		{3713F501-2970-4D52-9B5A-03737B153D73}.Release|Mixed Platforms.ActiveCfg = Release|x86
		{3713F501-2970-4D52-9B5A-03737B153D73}.Release|Mixed Platforms.Build.0 = Release|x86
		{3713F501-2970-4D52-9B5A-03737B153D73}.Release|x86.ActiveCfg = Release|x86
		{3713F501-2970-4D52-9B5A-03737B153D73}.Release|x86.Build.0 = Release|x86
	EndGlobalSection
	GlobalSection(SolutionProperties) = preSolution
		HideSolutionNode = FALSE
	EndGlobalSection
EndGlobal
